
Microsoft Visual Studio Solution File, Format Version 12.00
# Visual Studio Version 16
VisualStudioVersion = 16.0.30611.23
MinimumVisualStudioVersion = 10.0.40219.1
Project("{FAE04EC0-301F-11D3-BF4B-00C04F79EFBC}") = "HelloWorld", "HelloWorld.csproj", "{ABAA7603-1907-40E7-ACA9-5F6046FD8E32}"
EndProject
Global
	GlobalSection(SolutionConfigurationPlatforms) = preSolution
		Debug|Any CPU = Debug|Any CPU
		Release|Any CPU = Release|Any CPU
	EndGlobalSection
	GlobalSection(ProjectConfigurationPlatforms) = postSolution
		{ABAA7603-1907-40E7-ACA9-5F6046FD8E32}.Debug|Any CPU.ActiveCfg = Debug|Any CPU
		{ABAA7603-1907-40E7-ACA9-5F6046FD8E32}.Debug|Any CPU.Build.0 = Debug|Any CPU
		{ABAA7603-1907-40E7-ACA9-5F6046FD8E32}.Release|Any CPU.ActiveCfg = Release|Any CPU
		{ABAA7603-1907-40E7-ACA9-5F6046FD8E32}.Release|Any CPU.Build.0 = Release|Any CPU
	EndGlobalSection
	GlobalSection(SolutionProperties) = preSolution
		HideSolutionNode = FALSE
	EndGlobalSection
	GlobalSection(ExtensibilityGlobals) = postSolution
		SolutionGuid = {440D4170-E73A-49DD-A082-2F925023D985}
	EndGlobalSection
EndGlobal
